
Microsoft Visual Studio Solution File, Format Version 12.00
# Visual Studio Version 17
VisualStudioVersion = 17.13.35806.99 d17.13
MinimumVisualStudioVersion = 10.0.40219.1
Project("{FAE04EC0-301F-11D3-BF4B-00C04F79EFBC}") = "PruebaGitHub", "PruebaGitHub\PruebaGitHub.csproj", "{665DEC8C-4D3B-4547-B1B4-F7D40ABC12E2}"
EndProject
Global
	GlobalSection(SolutionConfigurationPlatforms) = preSolution
		Debug|Any CPU = Debug|Any CPU
		Release|Any CPU = Release|Any CPU
	EndGlobalSection
	GlobalSection(ProjectConfigurationPlatforms) = postSolution
		{665DEC8C-4D3B-4547-B1B4-F7D40ABC12E2}.Debug|Any CPU.ActiveCfg = Debug|Any CPU
		{665DEC8C-4D3B-4547-B1B4-F7D40ABC12E2}.Debug|Any CPU.Build.0 = Debug|Any CPU
		{665DEC8C-4D3B-4547-B1B4-F7D40ABC12E2}.Release|Any CPU.ActiveCfg = Release|Any CPU
		{665DEC8C-4D3B-4547-B1B4-F7D40ABC12E2}.Release|Any CPU.Build.0 = Release|Any CPU
	EndGlobalSection
	GlobalSection(SolutionProperties) = preSolution
		HideSolutionNode = FALSE
	EndGlobalSection
	GlobalSection(ExtensibilityGlobals) = postSolution
		SolutionGuid = {2B65A9AE-6009-4E05-8DC9-F59BA7EE6B99}
	EndGlobalSection
EndGlobal
